
Microsoft Visual Studio Solution File, Format Version 12.00
# Visual Studio 15
VisualStudioVersion = 15.0.28307.705
MinimumVisualStudioVersion = 10.0.40219.1
Project("{FAE04EC0-301F-11D3-BF4B-00C04F79EFBC}") = "ConsumAPiProduct", "ConsumAPiProduct\ConsumAPiProduct.csproj", "{BD39E4FE-1326-4C26-A171-3B148FFC9296}"
EndProject
Global
	GlobalSection(SolutionConfigurationPlatforms) = preSolution
		Debug|Any CPU = Debug|Any CPU
		Release|Any CPU = Release|Any CPU
	EndGlobalSection
	GlobalSection(ProjectConfigurationPlatforms) = postSolution
		{BD39E4FE-1326-4C26-A171-3B148FFC9296}.Debug|Any CPU.ActiveCfg = Debug|Any CPU
		{BD39E4FE-1326-4C26-A171-3B148FFC9296}.Debug|Any CPU.Build.0 = Debug|Any CPU
		{BD39E4FE-1326-4C26-A171-3B148FFC9296}.Release|Any CPU.ActiveCfg = Release|Any CPU
		{BD39E4FE-1326-4C26-A171-3B148FFC9296}.Release|Any CPU.Build.0 = Release|Any CPU
	EndGlobalSection
	GlobalSection(SolutionProperties) = preSolution
		HideSolutionNode = FALSE
	EndGlobalSection
	GlobalSection(ExtensibilityGlobals) = postSolution
		SolutionGuid = {883E37C9-B7BA-49AE-B01F-B1032543467F}
	EndGlobalSection
EndGlobal
