
Microsoft Visual Studio Solution File, Format Version 12.00
# Visual Studio 15
VisualStudioVersion = 15.0.28307.705
MinimumVisualStudioVersion = 10.0.40219.1
Project("{9A19103F-16F7-4668-BE54-9A1E7A4F7556}") = "BusinessLogic", "BusinessLogic\BusinessLogic.csproj", "{83B24114-DF6C-4231-B090-BB9BA912858D}"
EndProject
Project("{9A19103F-16F7-4668-BE54-9A1E7A4F7556}") = "Entities", "Entities\Entities.csproj", "{9DCD7436-C900-47DC-BA84-EF4BF79AEE85}"
EndProject
Project("{9A19103F-16F7-4668-BE54-9A1E7A4F7556}") = "DataAccessLayer", "DataAccessLayer\DataAccessLayer.csproj", "{1EEA05C5-1DA2-4A70-9140-1312EB1563A8}"
EndProject
Project("{9A19103F-16F7-4668-BE54-9A1E7A4F7556}") = "ProductCatalogWebAPI", "ProductCatalogWebAPI\ProductCatalogWebAPI.csproj", "{90576A38-0AFF-406E-9118-4468DBC320B4}"
EndProject
Global
	GlobalSection(SolutionConfigurationPlatforms) = preSolution
		Debug|Any CPU = Debug|Any CPU
		Release|Any CPU = Release|Any CPU
	EndGlobalSection
	GlobalSection(ProjectConfigurationPlatforms) = postSolution
		{83B24114-DF6C-4231-B090-BB9BA912858D}.Debug|Any CPU.ActiveCfg = Debug|Any CPU
		{83B24114-DF6C-4231-B090-BB9BA912858D}.Debug|Any CPU.Build.0 = Debug|Any CPU
		{83B24114-DF6C-4231-B090-BB9BA912858D}.Release|Any CPU.ActiveCfg = Release|Any CPU
		{83B24114-DF6C-4231-B090-BB9BA912858D}.Release|Any CPU.Build.0 = Release|Any CPU
		{9DCD7436-C900-47DC-BA84-EF4BF79AEE85}.Debug|Any CPU.ActiveCfg = Debug|Any CPU
		{9DCD7436-C900-47DC-BA84-EF4BF79AEE85}.Debug|Any CPU.Build.0 = Debug|Any CPU
		{9DCD7436-C900-47DC-BA84-EF4BF79AEE85}.Release|Any CPU.ActiveCfg = Release|Any CPU
		{9DCD7436-C900-47DC-BA84-EF4BF79AEE85}.Release|Any CPU.Build.0 = Release|Any CPU
		{1EEA05C5-1DA2-4A70-9140-1312EB1563A8}.Debug|Any CPU.ActiveCfg = Debug|Any CPU
		{1EEA05C5-1DA2-4A70-9140-1312EB1563A8}.Debug|Any CPU.Build.0 = Debug|Any CPU
		{1EEA05C5-1DA2-4A70-9140-1312EB1563A8}.Release|Any CPU.ActiveCfg = Release|Any CPU
		{1EEA05C5-1DA2-4A70-9140-1312EB1563A8}.Release|Any CPU.Build.0 = Release|Any CPU
		{90576A38-0AFF-406E-9118-4468DBC320B4}.Debug|Any CPU.ActiveCfg = Debug|Any CPU
		{90576A38-0AFF-406E-9118-4468DBC320B4}.Debug|Any CPU.Build.0 = Debug|Any CPU
		{90576A38-0AFF-406E-9118-4468DBC320B4}.Release|Any CPU.ActiveCfg = Release|Any CPU
		{90576A38-0AFF-406E-9118-4468DBC320B4}.Release|Any CPU.Build.0 = Release|Any CPU
	EndGlobalSection
	GlobalSection(SolutionProperties) = preSolution
		HideSolutionNode = FALSE
	EndGlobalSection
	GlobalSection(ExtensibilityGlobals) = postSolution
		SolutionGuid = {829C9A48-9B82-49A2-93C9-521C8BFFF83D}
	EndGlobalSection
EndGlobal
